// !$*UTF8*$!
{
	archiveVersion = 1;
	classes = {
	};
	objectVersion = 46;
	objects = {

/* Begin PBXBuildFile section */
		2D2AAE911B9E6D34006A474B /* State.cpp in Sources */ = {isa = PBXBuildFile; fileRef = 2D2AAE8F1B9E6D34006A474B /* State.cpp */; };
		2D2AAE951B9E7118006A474B /* StateStack.cpp in Sources */ = {isa = PBXBuildFile; fileRef = 2D2AAE931B9E7118006A474B /* StateStack.cpp */; };
		2D2AAE9B1B9E8993006A474B /* TitleState.cpp in Sources */ = {isa = PBXBuildFile; fileRef = 2D2AAE9A1B9E8993006A474B /* TitleState.cpp */; };
		2D2AAE9F1B9E8A42006A474B /* Utility.inl in Resources */ = {isa = PBXBuildFile; fileRef = 2D2AAE9E1B9E8A42006A474B /* Utility.inl */; };
		2D2AAEA11B9E8A51006A474B /* Utility.cpp in Sources */ = {isa = PBXBuildFile; fileRef = 2D2AAEA01B9E8A51006A474B /* Utility.cpp */; };
		2D51D72A1BAD321900D38EC8 /* BattleState.cpp in Sources */ = {isa = PBXBuildFile; fileRef = 2D51D7281BAD321900D38EC8 /* BattleState.cpp */; };
		2D612C721B9CD7F000F1BCC1 /* SceneNode.cpp in Sources */ = {isa = PBXBuildFile; fileRef = 2D612C701B9CD7F000F1BCC1 /* SceneNode.cpp */; };
		2D612C751B9CD80500F1BCC1 /* Entity.cpp in Sources */ = {isa = PBXBuildFile; fileRef = 2D612C731B9CD80500F1BCC1 /* Entity.cpp */; };
		2D612C791B9D441E00F1BCC1 /* SpriteNode.cpp in Sources */ = {isa = PBXBuildFile; fileRef = 2D612C771B9D441E00F1BCC1 /* SpriteNode.cpp */; };
		2D9B89261BBE2ECF0034A5F8 /* Animation.cpp in Sources */ = {isa = PBXBuildFile; fileRef = 2D9B89241BBE2ECF0034A5F8 /* Animation.cpp */; };
		2DC7B1C01BB3A78300830327 /* Desert.png in Resources */ = {isa = PBXBuildFile; fileRef = 2DC7B1BF1BB3A78300830327 /* Desert.png */; };
		2DC7B1C31BB3AA0C00830327 /* PauseState.cpp in Sources */ = {isa = PBXBuildFile; fileRef = 2DC7B1C11BB3AA0C00830327 /* PauseState.cpp */; };
		2DC7B1C51BB3AEDE00830327 /* cloudyg.png in Resources */ = {isa = PBXBuildFile; fileRef = 2DC7B1C41BB3AEDE00830327 /* cloudyg.png */; };
		2DC9080C1BA4C75A0045C5A5 /* DataTables.cpp in Sources */ = {isa = PBXBuildFile; fileRef = 2DC9080B1BA4C75A0045C5A5 /* DataTables.cpp */; };
		2DD109D11BB3413600006529 /* GameState.cpp in Sources */ = {isa = PBXBuildFile; fileRef = 2DD109D01BB3413600006529 /* GameState.cpp */; };
		2DD109D31BB3436600006529 /* World.cpp in Sources */ = {isa = PBXBuildFile; fileRef = 2DD109D21BB3436600006529 /* World.cpp */; };
		2DD109D61BB344E300006529 /* Command.cpp in Sources */ = {isa = PBXBuildFile; fileRef = 2DD109D51BB344E300006529 /* Command.cpp */; };
		2DD109DA1BB345DB00006529 /* CommandQueue.cpp in Sources */ = {isa = PBXBuildFile; fileRef = 2DD109D91BB345DB00006529 /* CommandQueue.cpp */; };
		2DD109DD1BB346AD00006529 /* Player.cpp in Sources */ = {isa = PBXBuildFile; fileRef = 2DD109DB1BB346AD00006529 /* Player.cpp */; };
		2DFFB9371BA1186B00D5A9AD /* MenuState.cpp in Sources */ = {isa = PBXBuildFile; fileRef = 2DFFB9361BA1186B00D5A9AD /* MenuState.cpp */; };
		2DFFB93A1BA11A0A00D5A9AD /* Component.cpp in Sources */ = {isa = PBXBuildFile; fileRef = 2DFFB9391BA11A0A00D5A9AD /* Component.cpp */; };
		2DFFB93D1BA11AB200D5A9AD /* Container.cpp in Sources */ = {isa = PBXBuildFile; fileRef = 2DFFB93C1BA11AB200D5A9AD /* Container.cpp */; };
		2DFFB9411BA11BDE00D5A9AD /* Button.cpp in Sources */ = {isa = PBXBuildFile; fileRef = 2DFFB9401BA11BDE00D5A9AD /* Button.cpp */; };
		2DFFB9431BA11CF800D5A9AD /* Buttons.png in Resources */ = {isa = PBXBuildFile; fileRef = 2DFFB9421BA11CF800D5A9AD /* Buttons.png */; };
		2DFFB9471BA125DA00D5A9AD /* TitleScreen.png in Resources */ = {isa = PBXBuildFile; fileRef = 2DFFB9461BA125DA00D5A9AD /* TitleScreen.png */; };
		D234817E1BA21F4D00893517 /* Hero.cpp in Sources */ = {isa = PBXBuildFile; fileRef = D234817C1BA21F4D00893517 /* Hero.cpp */; };
		D23481821BA2230A00893517 /* BlueDragon.png in Resources */ = {isa = PBXBuildFile; fileRef = D23481801BA2230A00893517 /* BlueDragon.png */; };
		D23481851BA2233D00893517 /* Link.png in Resources */ = {isa = PBXBuildFile; fileRef = D23481841BA2233D00893517 /* Link.png */; };
		D24800641B98553000E0D5CC /* Application.cpp in Sources */ = {isa = PBXBuildFile; fileRef = D24800611B98553000E0D5CC /* Application.cpp */; };
		D24800651B98553000E0D5CC /* main.cpp in Sources */ = {isa = PBXBuildFile; fileRef = D24800631B98553000E0D5CC /* main.cpp */; };
		D248006E1B98553700E0D5CC /* Mountain.png in Resources */ = {isa = PBXBuildFile; fileRef = D24800661B98553700E0D5CC /* Mountain.png */; };
		D248006F1B98553700E0D5CC /* turnbased-Info.plist in Resources */ = {isa = PBXBuildFile; fileRef = D24800671B98553700E0D5CC /* turnbased-Info.plist */; };
		D24800701B98553700E0D5CC /* ResourceHolder.inl in Resources */ = {isa = PBXBuildFile; fileRef = D24800691B98553700E0D5CC /* ResourceHolder.inl */; };
		D24800711B98553700E0D5CC /* ResourcePath.mm in Sources */ = {isa = PBXBuildFile; fileRef = D248006C1B98553700E0D5CC /* ResourcePath.mm */; };
		D24800721B98553700E0D5CC /* Sansation.ttf in Resources */ = {isa = PBXBuildFile; fileRef = D248006D1B98553700E0D5CC /* Sansation.ttf */; };
/* End PBXBuildFile section */

/* Begin PBXFileReference section */
		2D2AAE8F1B9E6D34006A474B /* State.cpp */ = {isa = PBXFileReference; fileEncoding = 4; lastKnownFileType = sourcecode.cpp.cpp; path = State.cpp; sourceTree = "<group>"; };
		2D2AAE901B9E6D34006A474B /* State.hpp */ = {isa = PBXFileReference; explicitFileType = sourcecode.cpp.h; fileEncoding = 4; path = State.hpp; sourceTree = "<group>"; };
		2D2AAE921B9E6D97006A474B /* StateIdentifiers.hpp */ = {isa = PBXFileReference; lastKnownFileType = sourcecode.cpp.h; path = StateIdentifiers.hpp; sourceTree = "<group>"; };
		2D2AAE931B9E7118006A474B /* StateStack.cpp */ = {isa = PBXFileReference; fileEncoding = 4; lastKnownFileType = sourcecode.cpp.cpp; path = StateStack.cpp; sourceTree = "<group>"; };
		2D2AAE941B9E7118006A474B /* StateStack.hpp */ = {isa = PBXFileReference; explicitFileType = sourcecode.cpp.h; fileEncoding = 4; path = StateStack.hpp; sourceTree = "<group>"; };
		2D2AAE9A1B9E8993006A474B /* TitleState.cpp */ = {isa = PBXFileReference; fileEncoding = 4; lastKnownFileType = sourcecode.cpp.cpp; path = TitleState.cpp; sourceTree = "<group>"; };
		2D2AAE9C1B9E89A2006A474B /* TitleState.hpp */ = {isa = PBXFileReference; lastKnownFileType = sourcecode.cpp.h; path = TitleState.hpp; sourceTree = "<group>"; };
		2D2AAE9D1B9E8A42006A474B /* Utility.hpp */ = {isa = PBXFileReference; fileEncoding = 4; lastKnownFileType = sourcecode.cpp.h; path = Utility.hpp; sourceTree = "<group>"; };
		2D2AAE9E1B9E8A42006A474B /* Utility.inl */ = {isa = PBXFileReference; fileEncoding = 4; lastKnownFileType = text; path = Utility.inl; sourceTree = "<group>"; };
		2D2AAEA01B9E8A51006A474B /* Utility.cpp */ = {isa = PBXFileReference; fileEncoding = 4; lastKnownFileType = sourcecode.cpp.cpp; path = Utility.cpp; sourceTree = "<group>"; };
		2D51D7281BAD321900D38EC8 /* BattleState.cpp */ = {isa = PBXFileReference; fileEncoding = 4; lastKnownFileType = sourcecode.cpp.cpp; path = BattleState.cpp; sourceTree = "<group>"; };
		2D51D7291BAD321900D38EC8 /* BattleState.hpp */ = {isa = PBXFileReference; fileEncoding = 4; lastKnownFileType = sourcecode.cpp.h; path = BattleState.hpp; sourceTree = "<group>"; };
		2D51D72C1BAD35CB00D38EC8 /* World.hpp */ = {isa = PBXFileReference; lastKnownFileType = sourcecode.cpp.h; path = World.hpp; sourceTree = "<group>"; };
		2D612C701B9CD7F000F1BCC1 /* SceneNode.cpp */ = {isa = PBXFileReference; fileEncoding = 4; lastKnownFileType = sourcecode.cpp.cpp; path = SceneNode.cpp; sourceTree = "<group>"; };
		2D612C711B9CD7F000F1BCC1 /* SceneNode.hpp */ = {isa = PBXFileReference; explicitFileType = sourcecode.cpp.h; fileEncoding = 4; path = SceneNode.hpp; sourceTree = "<group>"; };
		2D612C731B9CD80500F1BCC1 /* Entity.cpp */ = {isa = PBXFileReference; fileEncoding = 4; lastKnownFileType = sourcecode.cpp.cpp; path = Entity.cpp; sourceTree = "<group>"; };
		2D612C741B9CD80500F1BCC1 /* Entity.hpp */ = {isa = PBXFileReference; fileEncoding = 4; lastKnownFileType = sourcecode.cpp.h; path = Entity.hpp; sourceTree = "<group>"; };
		2D612C761B9CE59000F1BCC1 /* Foreach.hpp */ = {isa = PBXFileReference; lastKnownFileType = sourcecode.cpp.h; path = Foreach.hpp; sourceTree = "<group>"; };
		2D612C771B9D441E00F1BCC1 /* SpriteNode.cpp */ = {isa = PBXFileReference; fileEncoding = 4; lastKnownFileType = sourcecode.cpp.cpp; path = SpriteNode.cpp; sourceTree = "<group>"; };
		2D612C781B9D441E00F1BCC1 /* SpriteNode.hpp */ = {isa = PBXFileReference; explicitFileType = sourcecode.cpp.h; fileEncoding = 4; path = SpriteNode.hpp; sourceTree = "<group>"; };
		2D9B89241BBE2ECF0034A5F8 /* Animation.cpp */ = {isa = PBXFileReference; fileEncoding = 4; lastKnownFileType = sourcecode.cpp.cpp; path = Animation.cpp; sourceTree = "<group>"; };
		2D9B89251BBE2ECF0034A5F8 /* Animation.hpp */ = {isa = PBXFileReference; fileEncoding = 4; lastKnownFileType = sourcecode.cpp.h; path = Animation.hpp; sourceTree = "<group>"; };
		2DC7B1BF1BB3A78300830327 /* Desert.png */ = {isa = PBXFileReference; lastKnownFileType = image.png; path = Desert.png; sourceTree = "<group>"; };
		2DC7B1C11BB3AA0C00830327 /* PauseState.cpp */ = {isa = PBXFileReference; fileEncoding = 4; lastKnownFileType = sourcecode.cpp.cpp; path = PauseState.cpp; sourceTree = "<group>"; };
		2DC7B1C21BB3AA0C00830327 /* PauseState.hpp */ = {isa = PBXFileReference; fileEncoding = 4; lastKnownFileType = sourcecode.cpp.h; path = PauseState.hpp; sourceTree = "<group>"; };
		2DC7B1C41BB3AEDE00830327 /* cloudyg.png */ = {isa = PBXFileReference; lastKnownFileType = image.png; path = cloudyg.png; sourceTree = "<group>"; };
		2DC9080A1BA4C6960045C5A5 /* DataTables.hpp */ = {isa = PBXFileReference; lastKnownFileType = sourcecode.cpp.h; path = DataTables.hpp; sourceTree = "<group>"; };
		2DC9080B1BA4C75A0045C5A5 /* DataTables.cpp */ = {isa = PBXFileReference; fileEncoding = 4; lastKnownFileType = sourcecode.cpp.cpp; path = DataTables.cpp; sourceTree = "<group>"; };
		2DD109CF1BB340DD00006529 /* GameState.hpp */ = {isa = PBXFileReference; lastKnownFileType = sourcecode.cpp.h; path = GameState.hpp; sourceTree = "<group>"; };
		2DD109D01BB3413600006529 /* GameState.cpp */ = {isa = PBXFileReference; fileEncoding = 4; lastKnownFileType = sourcecode.cpp.cpp; path = GameState.cpp; sourceTree = "<group>"; };
		2DD109D21BB3436600006529 /* World.cpp */ = {isa = PBXFileReference; fileEncoding = 4; lastKnownFileType = sourcecode.cpp.cpp; path = World.cpp; sourceTree = "<group>"; };
		2DD109D41BB3445B00006529 /* Command.hpp */ = {isa = PBXFileReference; explicitFileType = sourcecode.cpp.h; path = Command.hpp; sourceTree = "<group>"; };
		2DD109D51BB344E300006529 /* Command.cpp */ = {isa = PBXFileReference; fileEncoding = 4; lastKnownFileType = sourcecode.cpp.cpp; path = Command.cpp; sourceTree = "<group>"; };
		2DD109D71BB3450900006529 /* Category.hpp */ = {isa = PBXFileReference; lastKnownFileType = sourcecode.cpp.h; path = Category.hpp; sourceTree = "<group>"; };
		2DD109D81BB345A800006529 /* CommandQueue.hpp */ = {isa = PBXFileReference; lastKnownFileType = sourcecode.cpp.h; path = CommandQueue.hpp; sourceTree = "<group>"; };
		2DD109D91BB345DB00006529 /* CommandQueue.cpp */ = {isa = PBXFileReference; fileEncoding = 4; lastKnownFileType = sourcecode.cpp.cpp; path = CommandQueue.cpp; sourceTree = "<group>"; };
		2DD109DB1BB346AD00006529 /* Player.cpp */ = {isa = PBXFileReference; fileEncoding = 4; lastKnownFileType = sourcecode.cpp.cpp; path = Player.cpp; sourceTree = "<group>"; };
		2DD109DC1BB346AD00006529 /* Player.hpp */ = {isa = PBXFileReference; fileEncoding = 4; lastKnownFileType = sourcecode.cpp.h; path = Player.hpp; sourceTree = "<group>"; };
		2DFFB9351BA1185E00D5A9AD /* MenuState.hpp */ = {isa = PBXFileReference; lastKnownFileType = sourcecode.cpp.h; path = MenuState.hpp; sourceTree = "<group>"; };
		2DFFB9361BA1186B00D5A9AD /* MenuState.cpp */ = {isa = PBXFileReference; fileEncoding = 4; lastKnownFileType = sourcecode.cpp.cpp; path = MenuState.cpp; sourceTree = "<group>"; };
		2DFFB9381BA119F600D5A9AD /* Component.hpp */ = {isa = PBXFileReference; lastKnownFileType = sourcecode.cpp.h; path = Component.hpp; sourceTree = "<group>"; };
		2DFFB9391BA11A0A00D5A9AD /* Component.cpp */ = {isa = PBXFileReference; fileEncoding = 4; lastKnownFileType = sourcecode.cpp.cpp; path = Component.cpp; sourceTree = "<group>"; };
		2DFFB93B1BA11A9700D5A9AD /* Container.hpp */ = {isa = PBXFileReference; lastKnownFileType = sourcecode.cpp.h; path = Container.hpp; sourceTree = "<group>"; };
		2DFFB93C1BA11AB200D5A9AD /* Container.cpp */ = {isa = PBXFileReference; fileEncoding = 4; lastKnownFileType = sourcecode.cpp.cpp; path = Container.cpp; sourceTree = "<group>"; };
		2DFFB93F1BA11BCF00D5A9AD /* Button.hpp */ = {isa = PBXFileReference; lastKnownFileType = sourcecode.cpp.h; path = Button.hpp; sourceTree = "<group>"; };
		2DFFB9401BA11BDE00D5A9AD /* Button.cpp */ = {isa = PBXFileReference; fileEncoding = 4; lastKnownFileType = sourcecode.cpp.cpp; path = Button.cpp; sourceTree = "<group>"; };
		2DFFB9421BA11CF800D5A9AD /* Buttons.png */ = {isa = PBXFileReference; lastKnownFileType = image.png; path = Buttons.png; sourceTree = "<group>"; };
		2DFFB9461BA125DA00D5A9AD /* TitleScreen.png */ = {isa = PBXFileReference; lastKnownFileType = image.png; path = TitleScreen.png; sourceTree = "<group>"; };
		D234817C1BA21F4D00893517 /* Hero.cpp */ = {isa = PBXFileReference; fileEncoding = 4; lastKnownFileType = sourcecode.cpp.cpp; path = Hero.cpp; sourceTree = "<group>"; };
		D234817F1BA21F8300893517 /* Hero.hpp */ = {isa = PBXFileReference; explicitFileType = sourcecode.cpp.h; path = Hero.hpp; sourceTree = "<group>"; };
		D23481801BA2230A00893517 /* BlueDragon.png */ = {isa = PBXFileReference; lastKnownFileType = image.png; path = BlueDragon.png; sourceTree = "<group>"; };
		D23481841BA2233D00893517 /* Link.png */ = {isa = PBXFileReference; lastKnownFileType = image.png; path = Link.png; sourceTree = "<group>"; };
		D24800371B98549E00E0D5CC /* turnbased.app */ = {isa = PBXFileReference; explicitFileType = wrapper.application; includeInIndex = 0; path = turnbased.app; sourceTree = BUILT_PRODUCTS_DIR; };
		D24800611B98553000E0D5CC /* Application.cpp */ = {isa = PBXFileReference; fileEncoding = 4; lastKnownFileType = sourcecode.cpp.cpp; path = Application.cpp; sourceTree = "<group>"; };
		D24800621B98553000E0D5CC /* Application.hpp */ = {isa = PBXFileReference; fileEncoding = 4; lastKnownFileType = sourcecode.cpp.h; path = Application.hpp; sourceTree = "<group>"; };
		D24800631B98553000E0D5CC /* main.cpp */ = {isa = PBXFileReference; fileEncoding = 4; lastKnownFileType = sourcecode.cpp.cpp; path = main.cpp; sourceTree = "<group>"; };
		D24800661B98553700E0D5CC /* Mountain.png */ = {isa = PBXFileReference; lastKnownFileType = image.png; path = Mountain.png; sourceTree = "<group>"; };
		D24800671B98553700E0D5CC /* turnbased-Info.plist */ = {isa = PBXFileReference; fileEncoding = 4; lastKnownFileType = text.plist.xml; path = "turnbased-Info.plist"; sourceTree = "<group>"; };
		D24800681B98553700E0D5CC /* ResourceHolder.hpp */ = {isa = PBXFileReference; fileEncoding = 4; lastKnownFileType = sourcecode.cpp.h; path = ResourceHolder.hpp; sourceTree = "<group>"; };
		D24800691B98553700E0D5CC /* ResourceHolder.inl */ = {isa = PBXFileReference; fileEncoding = 4; lastKnownFileType = text; path = ResourceHolder.inl; sourceTree = "<group>"; };
		D248006A1B98553700E0D5CC /* ResourceIdentifiers.hpp */ = {isa = PBXFileReference; fileEncoding = 4; lastKnownFileType = sourcecode.cpp.h; path = ResourceIdentifiers.hpp; sourceTree = "<group>"; };
		D248006B1B98553700E0D5CC /* ResourcePath.hpp */ = {isa = PBXFileReference; fileEncoding = 4; lastKnownFileType = sourcecode.cpp.h; path = ResourcePath.hpp; sourceTree = "<group>"; };
		D248006C1B98553700E0D5CC /* ResourcePath.mm */ = {isa = PBXFileReference; fileEncoding = 4; lastKnownFileType = sourcecode.cpp.objcpp; path = ResourcePath.mm; sourceTree = "<group>"; };
		D248006D1B98553700E0D5CC /* Sansation.ttf */ = {isa = PBXFileReference; lastKnownFileType = file; path = Sansation.ttf; sourceTree = "<group>"; };
/* End PBXFileReference section */

/* Begin PBXFrameworksBuildPhase section */
		D24800331B98549E00E0D5CC /* Frameworks */ = {
			isa = PBXFrameworksBuildPhase;
			buildActionMask = 2147483647;
			files = (
			);
			runOnlyForDeploymentPostprocessing = 0;
		};
/* End PBXFrameworksBuildPhase section */

/* Begin PBXGroup section */
		2D2AAE961B9E7ED9006A474B /* States, Stack, IDs */ = {
			isa = PBXGroup;
			children = (
				2D2AAE8F1B9E6D34006A474B /* State.cpp */,
				2D2AAE901B9E6D34006A474B /* State.hpp */,
				2D2AAE921B9E6D97006A474B /* StateIdentifiers.hpp */,
				2D2AAE931B9E7118006A474B /* StateStack.cpp */,
				2D2AAE941B9E7118006A474B /* StateStack.hpp */,
				2D2AAE9A1B9E8993006A474B /* TitleState.cpp */,
				2D2AAE9C1B9E89A2006A474B /* TitleState.hpp */,
				2DFFB9361BA1186B00D5A9AD /* MenuState.cpp */,
				2DFFB9351BA1185E00D5A9AD /* MenuState.hpp */,
				2DD109D01BB3413600006529 /* GameState.cpp */,
				2DD109CF1BB340DD00006529 /* GameState.hpp */,
				2D51D7281BAD321900D38EC8 /* BattleState.cpp */,
				2D51D7291BAD321900D38EC8 /* BattleState.hpp */,
				2DC7B1C11BB3AA0C00830327 /* PauseState.cpp */,
				2DC7B1C21BB3AA0C00830327 /* PauseState.hpp */,
			);
			name = "States, Stack, IDs";
			sourceTree = "<group>";
		};
		2DFFB93E1BA11BAB00D5A9AD /* GUI */ = {
			isa = PBXGroup;
			children = (
				2DFFB9401BA11BDE00D5A9AD /* Button.cpp */,
				2DFFB93F1BA11BCF00D5A9AD /* Button.hpp */,
				2DFFB9391BA11A0A00D5A9AD /* Component.cpp */,
				2DFFB9381BA119F600D5A9AD /* Component.hpp */,
				2DFFB93C1BA11AB200D5A9AD /* Container.cpp */,
				2DFFB93B1BA11A9700D5A9AD /* Container.hpp */,
			);
			name = GUI;
			sourceTree = "<group>";
		};
		D248002D1B98549E00E0D5CC = {
			isa = PBXGroup;
			children = (
				D24800391B98549E00E0D5CC /* turnbased */,
				D24800381B98549E00E0D5CC /* Products */,
			);
			sourceTree = "<group>";
		};
		D24800381B98549E00E0D5CC /* Products */ = {
			isa = PBXGroup;
			children = (
				D24800371B98549E00E0D5CC /* turnbased.app */,
			);
			name = Products;
			sourceTree = "<group>";
		};
		D24800391B98549E00E0D5CC /* turnbased */ = {
			isa = PBXGroup;
			children = (
				2DFFB93E1BA11BAB00D5A9AD /* GUI */,
				D24800611B98553000E0D5CC /* Application.cpp */,
				D24800621B98553000E0D5CC /* Application.hpp */,
				2DD109D71BB3450900006529 /* Category.hpp */,
				2DD109D51BB344E300006529 /* Command.cpp */,
				2DD109D41BB3445B00006529 /* Command.hpp */,
				2DD109D91BB345DB00006529 /* CommandQueue.cpp */,
				2DD109D81BB345A800006529 /* CommandQueue.hpp */,
				2DC9080A1BA4C6960045C5A5 /* DataTables.hpp */,
				2DC9080B1BA4C75A0045C5A5 /* DataTables.cpp */,
				2D612C731B9CD80500F1BCC1 /* Entity.cpp */,
				2D612C741B9CD80500F1BCC1 /* Entity.hpp */,
				D234817C1BA21F4D00893517 /* Hero.cpp */,
				D234817F1BA21F8300893517 /* Hero.hpp */,
				D24800631B98553000E0D5CC /* main.cpp */,
				2D612C701B9CD7F000F1BCC1 /* SceneNode.cpp */,
				2D612C711B9CD7F000F1BCC1 /* SceneNode.hpp */,
				2D612C771B9D441E00F1BCC1 /* SpriteNode.cpp */,
				2D612C781B9D441E00F1BCC1 /* SpriteNode.hpp */,
				2D9B89241BBE2ECF0034A5F8 /* Animation.cpp */,
				2D9B89251BBE2ECF0034A5F8 /* Animation.hpp */,
				2DD109DB1BB346AD00006529 /* Player.cpp */,
				2DD109DC1BB346AD00006529 /* Player.hpp */,
				2DD109D21BB3436600006529 /* World.cpp */,
				2D51D72C1BAD35CB00D38EC8 /* World.hpp */,
				D24800411B98549E00E0D5CC /* Resources */,
				2D2AAE961B9E7ED9006A474B /* States, Stack, IDs */,
				D248003A1B98549E00E0D5CC /* Supporting Files */,
				D2E782B51B9CD85B008F5E7A /* Utilities and Macros */,
			);
			path = turnbased;
			sourceTree = "<group>";
		};
		D248003A1B98549E00E0D5CC /* Supporting Files */ = {
			isa = PBXGroup;
			children = (
				D24800671B98553700E0D5CC /* turnbased-Info.plist */,
			);
			name = "Supporting Files";
			sourceTree = "<group>";
		};
		D24800411B98549E00E0D5CC /* Resources */ = {
			isa = PBXGroup;
			children = (
				2DC7B1BF1BB3A78300830327 /* Desert.png */,
				2DC7B1C41BB3AEDE00830327 /* cloudyg.png */,
				D23481801BA2230A00893517 /* BlueDragon.png */,
				D23481841BA2233D00893517 /* Link.png */,
				2DFFB9461BA125DA00D5A9AD /* TitleScreen.png */,
				D248006A1B98553700E0D5CC /* ResourceIdentifiers.hpp */,
				D24800661B98553700E0D5CC /* Mountain.png */,
				2DFFB9421BA11CF800D5A9AD /* Buttons.png */,
				D248006D1B98553700E0D5CC /* Sansation.ttf */,
			);
			name = Resources;
			sourceTree = "<group>";
		};
		D2E782B51B9CD85B008F5E7A /* Utilities and Macros */ = {
			isa = PBXGroup;
			children = (
				2D612C761B9CE59000F1BCC1 /* Foreach.hpp */,
				D24800681B98553700E0D5CC /* ResourceHolder.hpp */,
				D24800691B98553700E0D5CC /* ResourceHolder.inl */,
				D248006C1B98553700E0D5CC /* ResourcePath.mm */,
				D248006B1B98553700E0D5CC /* ResourcePath.hpp */,
				2D2AAE9D1B9E8A42006A474B /* Utility.hpp */,
				2D2AAE9E1B9E8A42006A474B /* Utility.inl */,
				2D2AAEA01B9E8A51006A474B /* Utility.cpp */,
			);
			name = "Utilities and Macros";
			sourceTree = "<group>";
		};
/* End PBXGroup section */

/* Begin PBXNativeTarget section */
		D24800361B98549E00E0D5CC /* turnbased */ = {
			isa = PBXNativeTarget;
			buildConfigurationList = D248004C1B98549E00E0D5CC /* Build configuration list for PBXNativeTarget "turnbased" */;
			buildPhases = (
				D24800321B98549E00E0D5CC /* Sources */,
				D24800331B98549E00E0D5CC /* Frameworks */,
				D24800341B98549E00E0D5CC /* Resources */,
				D24800351B98549E00E0D5CC /* ShellScript */,
			);
			buildRules = (
			);
			dependencies = (
			);
			name = turnbased;
			productName = turnbased;
			productReference = D24800371B98549E00E0D5CC /* turnbased.app */;
			productType = "com.apple.product-type.application";
		};
/* End PBXNativeTarget section */

/* Begin PBXProject section */
		D248002E1B98549E00E0D5CC /* Project object */ = {
			isa = PBXProject;
			attributes = {
				LastUpgradeCheck = 0640;
				ORGANIZATIONNAME = WandA;
				TargetAttributes = {
					D24800361B98549E00E0D5CC = {
						CreatedOnToolsVersion = 6.4;
					};
				};
			};
			buildConfigurationList = D24800311B98549E00E0D5CC /* Build configuration list for PBXProject "turnbased" */;
			compatibilityVersion = "Xcode 3.2";
			developmentRegion = English;
			hasScannedForEncodings = 0;
			knownRegions = (
				en,
			);
			mainGroup = D248002D1B98549E00E0D5CC;
			productRefGroup = D24800381B98549E00E0D5CC /* Products */;
			projectDirPath = "";
			projectRoot = "";
			targets = (
				D24800361B98549E00E0D5CC /* turnbased */,
			);
		};
/* End PBXProject section */

/* Begin PBXResourcesBuildPhase section */
		D24800341B98549E00E0D5CC /* Resources */ = {
			isa = PBXResourcesBuildPhase;
			buildActionMask = 2147483647;
			files = (
				D23481851BA2233D00893517 /* Link.png in Resources */,
				2DFFB9471BA125DA00D5A9AD /* TitleScreen.png in Resources */,
				D24800701B98553700E0D5CC /* ResourceHolder.inl in Resources */,
				2DFFB9431BA11CF800D5A9AD /* Buttons.png in Resources */,
				2D2AAE9F1B9E8A42006A474B /* Utility.inl in Resources */,
				D23481821BA2230A00893517 /* BlueDragon.png in Resources */,
				2DC7B1C01BB3A78300830327 /* Desert.png in Resources */,
				D24800721B98553700E0D5CC /* Sansation.ttf in Resources */,
				D248006E1B98553700E0D5CC /* Mountain.png in Resources */,
				2DC7B1C51BB3AEDE00830327 /* cloudyg.png in Resources */,
				D248006F1B98553700E0D5CC /* turnbased-Info.plist in Resources */,
			);
			runOnlyForDeploymentPostprocessing = 0;
		};
/* End PBXResourcesBuildPhase section */

/* Begin PBXShellScriptBuildPhase section */
		D24800351B98549E00E0D5CC /* ShellScript */ = {
			isa = PBXShellScriptBuildPhase;
			buildActionMask = 2147483647;
			files = (
			);
			inputPaths = (
			);
			outputPaths = (
			);
			runOnlyForDeploymentPostprocessing = 0;
			shellPath = /bin/sh;
			shellScript = "# This shell script simply copies required SFML dylibs/frameworks into the application bundle frameworks folder.\n# If you're using static libraries (which is not recommended) you should remove this script from your project.\n\n# SETTINGS\nCMAKE_INSTALL_FRAMEWORK_PREFIX=\"/Library/Frameworks\"\nCMAKE_INSTALL_LIB_PREFIX=\"/usr/local/lib\"\nFRAMEWORKS_FULL_PATH=\"$BUILT_PRODUCTS_DIR/$FRAMEWORKS_FOLDER_PATH/\"\n\n# Are we building a project that uses frameworks or dylibs?\ncase \"$SFML_BINARY_TYPE\" in\n    DYLIBS)\n        frameworks=\"false\"\n        ;;\n    *)\n        frameworks=\"true\"\n        ;;\nesac\n\n# Echoes to stderr\nerror () # $* message to display\n{\n    echo $* 1>&2\n    exit 2\n}\n\nassert () # $1 is a boolean, $2...N is an error message\n{\n    if [ $# -lt 2 ]\n    then\n        error \"Internal error in assert: not enough args\"\n    fi\n\n    if [ $1 -ne 0 ]\n    then\n        shift\n        error \"$*\"\n    fi\n}\n\nforce_remove () # $@ is some paths\n{\n    test $# -ge 1\n    assert $? \"force_remove() requires at least one parameter\"\n    rm -fr $@\n    assert $? \"couldn't remove $@\"\n}\n\ncopy () # $1 is a source, $2 is a destination\n{\n    test $# -eq 2\n    assert $? \"copy() requires two parameters\"\n    ditto \"$1\" \"$2\"\n    assert $? \"couldn't copy $1 to $2\"\n}\n\nrequire () # $1 is a SFML module like 'system' or 'audio'\n{\n    dest=\"$BUILT_PRODUCTS_DIR/$FRAMEWORKS_FOLDER_PATH/\"\n\n    if [ -z \"$1\" ]\n    then\n        error \"require() requires one parameter!\"\n    else\n        # clean potentially old stuff\n        force_remove \"$dest/libsfml-$1\"*\n        force_remove \"$dest/sfml-$1.framework\"\n\n        # copy SFML libraries\n        if [ \"$frameworks\" = \"true\" ]\n        then\n            source=\"$CMAKE_INSTALL_FRAMEWORK_PREFIX/sfml-$1.framework\"\n            target=\"sfml-$1.framework\"\n        elif [ \"$SFML_LINK_DYLIBS_SUFFIX\" = \"-d\" ]\n        then\n            source=\"$CMAKE_INSTALL_LIB_PREFIX/libsfml-$1-d.dylib\"\n            target=\"`readlink $source`\"\n        else\n            source=\"$CMAKE_INSTALL_LIB_PREFIX/libsfml-$1.dylib\"\n            target=\"`readlink $source`\"\n        fi\n\n        copy \"$source\" \"$dest/$target\"\n\n        # copy extra dependencies\n        if [ \"$1\" = \"audio\" ]\n        then\n            # copy \"FLAC\" \"ogg\" \"vorbis\" \"vorbisenc\" \"vorbisfile\" \"OpenAL\" frameworks too\n            for f in \"FLAC\" \"ogg\" \"vorbis\" \"vorbisenc\" \"vorbisfile\" \"OpenAL\"\n            do\n                copy \"$CMAKE_INSTALL_FRAMEWORK_PREFIX/$f.framework\" \"$dest/$f.framework\"\n            done\n        elif [ \"$1\" = \"graphics\" ]\n        then\n            copy \"$CMAKE_INSTALL_FRAMEWORK_PREFIX/freetype.framework\" \"$dest/freetype.framework\"\n        fi\n    fi\n}\n\nif [ -n \"$SFML_SYSTEM\" ]\nthen\n    require \"system\"\nfi\n\nif [ -n \"$SFML_AUDIO\" ]\nthen\n    require \"audio\"\nfi\n\nif [ -n \"$SFML_NETWORK\" ]\nthen\n    require \"network\"\nfi\n\nif [ -n \"$SFML_WINDOW\" ]\nthen\n    require \"window\"\nfi\n\nif [ -n \"$SFML_GRAPHICS\" ]\nthen\n    require \"graphics\"\nfi\n\n                ";
		};
/* End PBXShellScriptBuildPhase section */

/* Begin PBXSourcesBuildPhase section */
		D24800321B98549E00E0D5CC /* Sources */ = {
			isa = PBXSourcesBuildPhase;
			buildActionMask = 2147483647;
			files = (
				D24800711B98553700E0D5CC /* ResourcePath.mm in Sources */,
				D24800651B98553000E0D5CC /* main.cpp in Sources */,
				2D2AAEA11B9E8A51006A474B /* Utility.cpp in Sources */,
				2D51D72A1BAD321900D38EC8 /* BattleState.cpp in Sources */,
				2DD109D31BB3436600006529 /* World.cpp in Sources */,
				2DC7B1C31BB3AA0C00830327 /* PauseState.cpp in Sources */,
				2DC9080C1BA4C75A0045C5A5 /* DataTables.cpp in Sources */,
				2DFFB9411BA11BDE00D5A9AD /* Button.cpp in Sources */,
				2D612C721B9CD7F000F1BCC1 /* SceneNode.cpp in Sources */,
				2DD109D11BB3413600006529 /* GameState.cpp in Sources */,
				2D612C751B9CD80500F1BCC1 /* Entity.cpp in Sources */,
				2D2AAE911B9E6D34006A474B /* State.cpp in Sources */,
				2D612C791B9D441E00F1BCC1 /* SpriteNode.cpp in Sources */,
				2DFFB9371BA1186B00D5A9AD /* MenuState.cpp in Sources */,
				2D9B89261BBE2ECF0034A5F8 /* Animation.cpp in Sources */,
				D234817E1BA21F4D00893517 /* Hero.cpp in Sources */,
				2D2AAE9B1B9E8993006A474B /* TitleState.cpp in Sources */,
				2DFFB93D1BA11AB200D5A9AD /* Container.cpp in Sources */,
				2DD109DD1BB346AD00006529 /* Player.cpp in Sources */,
				2DFFB93A1BA11A0A00D5A9AD /* Component.cpp in Sources */,
				2DD109DA1BB345DB00006529 /* CommandQueue.cpp in Sources */,
				2D2AAE951B9E7118006A474B /* StateStack.cpp in Sources */,
				D24800641B98553000E0D5CC /* Application.cpp in Sources */,
				2DD109D61BB344E300006529 /* Command.cpp in Sources */,
			);
			runOnlyForDeploymentPostprocessing = 0;
		};
/* End PBXSourcesBuildPhase section */

/* Begin XCBuildConfiguration section */
		D248004A1B98549E00E0D5CC /* Debug */ = {
			isa = XCBuildConfiguration;
			buildSettings = {
				ARCHS = (
					i386,
					x86_64,
				);
				CLANG_CXX_LANGUAGE_STANDARD = "c++0x";
				CLANG_CXX_LIBRARY = "libc++";
				FRAMEWORK_SEARCH_PATHS = (
					/Library/Frameworks/,
					"$(inherited)",
				);
				GCC_VERSION = com.apple.compilers.llvm.clang.1_0;
				HEADER_SEARCH_PATHS = (
					/usr/local/include/,
					"$(inherited)",
				);
				LIBRARY_SEARCH_PATHS = (
					/usr/local/lib/,
					"$(inherited)",
				);
				MACOSX_DEPLOYMENT_TARGET = 10.7;
				OTHER_LDFLAGS = (
					"$(inherited)",
					"$(SFML_SYSTEM)",
					"$(SFML_WINDOW)",
					"$(SFML_GRAPHICS)",
					"$(SFML_AUDIO)",
					"$(SFML_NETWORK)",
				);
				SFML_AUDIO = "$(SFML_LINK_PREFIX) sfml-audio$(SFML_LINK_SUFFIX)";
				SFML_BINARY_TYPE = FRAMEWORKS;
				SFML_GRAPHICS = "$(SFML_LINK_PREFIX) sfml-graphics$(SFML_LINK_SUFFIX)";
				SFML_LINK_DYLIBS_PREFIX = "-l";
				SFML_LINK_DYLIBS_SUFFIX = "";
				SFML_LINK_FRAMEWORKS_PREFIX = "-framework";
				SFML_LINK_FRAMEWORKS_SUFFIX = "";
				SFML_LINK_PREFIX = "$(SFML_LINK_$(SFML_BINARY_TYPE)_PREFIX)";
				SFML_LINK_SUFFIX = "$(SFML_LINK_$(SFML_BINARY_TYPE)_SUFFIX)";
				SFML_NETWORK = "$(SFML_LINK_PREFIX) sfml-network$(SFML_LINK_SUFFIX)";
				SFML_SYSTEM = "$(SFML_LINK_PREFIX) sfml-system$(SFML_LINK_SUFFIX)";
				SFML_WINDOW = "$(SFML_LINK_PREFIX) sfml-window$(SFML_LINK_SUFFIX)";
				SUPPORTED_PLATFORMS = macosx;
			};
			name = Debug;
		};
		D248004B1B98549E00E0D5CC /* Release */ = {
			isa = XCBuildConfiguration;
			buildSettings = {
				ARCHS = (
					i386,
					x86_64,
				);
				CLANG_CXX_LANGUAGE_STANDARD = "c++0x";
				CLANG_CXX_LIBRARY = "libc++";
				FRAMEWORK_SEARCH_PATHS = (
					/Library/Frameworks/,
					"$(inherited)",
				);
				GCC_VERSION = com.apple.compilers.llvm.clang.1_0;
				HEADER_SEARCH_PATHS = (
					/usr/local/include/,
					"$(inherited)",
				);
				LIBRARY_SEARCH_PATHS = (
					/usr/local/lib/,
					"$(inherited)",
				);
				MACOSX_DEPLOYMENT_TARGET = 10.7;
				OTHER_LDFLAGS = (
					"$(inherited)",
					"$(SFML_SYSTEM)",
					"$(SFML_WINDOW)",
					"$(SFML_GRAPHICS)",
					"$(SFML_AUDIO)",
					"$(SFML_NETWORK)",
				);
				SFML_AUDIO = "$(SFML_LINK_PREFIX) sfml-audio$(SFML_LINK_SUFFIX)";
				SFML_BINARY_TYPE = FRAMEWORKS;
				SFML_GRAPHICS = "$(SFML_LINK_PREFIX) sfml-graphics$(SFML_LINK_SUFFIX)";
				SFML_LINK_DYLIBS_PREFIX = "-l";
				SFML_LINK_DYLIBS_SUFFIX = "";
				SFML_LINK_FRAMEWORKS_PREFIX = "-framework";
				SFML_LINK_FRAMEWORKS_SUFFIX = "";
				SFML_LINK_PREFIX = "$(SFML_LINK_$(SFML_BINARY_TYPE)_PREFIX)";
				SFML_LINK_SUFFIX = "$(SFML_LINK_$(SFML_BINARY_TYPE)_SUFFIX)";
				SFML_NETWORK = "$(SFML_LINK_PREFIX) sfml-network$(SFML_LINK_SUFFIX)";
				SFML_SYSTEM = "$(SFML_LINK_PREFIX) sfml-system$(SFML_LINK_SUFFIX)";
				SFML_WINDOW = "$(SFML_LINK_PREFIX) sfml-window$(SFML_LINK_SUFFIX)";
				SUPPORTED_PLATFORMS = macosx;
			};
			name = Release;
		};
		D248004D1B98549E00E0D5CC /* Debug */ = {
			isa = XCBuildConfiguration;
			buildSettings = {
				INFOPLIST_FILE = "turnbased/turnbased-Info.plist";
				LD_RUNPATH_SEARCH_PATHS = "@loader_path/../Frameworks";
				PRODUCT_NAME = "$(TARGET_NAME)";
			};
			name = Debug;
		};
		D248004E1B98549E00E0D5CC /* Release */ = {
			isa = XCBuildConfiguration;
			buildSettings = {
				INFOPLIST_FILE = "turnbased/turnbased-Info.plist";
				LD_RUNPATH_SEARCH_PATHS = "@loader_path/../Frameworks";
				PRODUCT_NAME = "$(TARGET_NAME)";
			};
			name = Release;
		};
/* End XCBuildConfiguration section */

/* Begin XCConfigurationList section */
		D24800311B98549E00E0D5CC /* Build configuration list for PBXProject "turnbased" */ = {
			isa = XCConfigurationList;
			buildConfigurations = (
				D248004A1B98549E00E0D5CC /* Debug */,
				D248004B1B98549E00E0D5CC /* Release */,
			);
			defaultConfigurationIsVisible = 0;
			defaultConfigurationName = Release;
		};
		D248004C1B98549E00E0D5CC /* Build configuration list for PBXNativeTarget "turnbased" */ = {
			isa = XCConfigurationList;
			buildConfigurations = (
				D248004D1B98549E00E0D5CC /* Debug */,
				D248004E1B98549E00E0D5CC /* Release */,
			);
			defaultConfigurationIsVisible = 0;
			defaultConfigurationName = Release;
		};
/* End XCConfigurationList section */
	};
	rootObject = D248002E1B98549E00E0D5CC /* Project object */;
}
